
Microsoft Visual Studio Solution File, Format Version 12.00
# Visual Studio Version 17
VisualStudioVersion = 17.0.32112.339
MinimumVisualStudioVersion = 10.0.40219.1
Project("{2150E333-8FDC-42A3-9474-1A3956D46DE8}") = "src", "src", "{E8624E6F-F8E9-4295-B9E0-6D1A79BAD0D5}"
EndProject
Project("{2150E333-8FDC-42A3-9474-1A3956D46DE8}") = "msbuild", "msbuild", "{B80D54C3-23BE-4087-9DAC-119986649CC4}"
	ProjectSection(SolutionItems) = preProject
		msbuild\AssemblyInfo.fs = msbuild\AssemblyInfo.fs
		msbuild\CSharp.targets = msbuild\CSharp.targets
		msbuild\FSharp.targets = msbuild\FSharp.targets
		msbuild\WebSharper.CSharp.Internal.targets = msbuild\WebSharper.CSharp.Internal.targets
		msbuild\WebSharper.CSharp.targets = msbuild\WebSharper.CSharp.targets
		msbuild\WebSharper.FSharp.Internal.targets = msbuild\WebSharper.FSharp.Internal.targets
		msbuild\WebSharper.FSharp.targets = msbuild\WebSharper.FSharp.targets
	EndProjectSection
EndProject
Project("{2150E333-8FDC-42A3-9474-1A3956D46DE8}") = "compiler", "compiler", "{EC03CB1D-151F-4469-A6DD-D5854A340F1D}"
EndProject
Project("{2150E333-8FDC-42A3-9474-1A3956D46DE8}") = "stdlib", "stdlib", "{9042A9EB-28A6-4FCB-9D12-9E56835FD713}"
EndProject
Project("{2150E333-8FDC-42A3-9474-1A3956D46DE8}") = "sitelets", "sitelets", "{70FEE852-57E6-4910-B4A8-E1B6D0F159E3}"
EndProject
Project("{2150E333-8FDC-42A3-9474-1A3956D46DE8}") = "_", "_", "{068ABD81-368A-497B-A0A2-135BA8A16B0A}"
	ProjectSection(SolutionItems) = preProject
		build.cmd = build.cmd
		build.fsx = build.fsx
		build.sh = build.sh
		chutzpah.json = chutzpah.json
		CONTRIBUTING.md = CONTRIBUTING.md
		LICENSE.md = LICENSE.md
		paket.dependencies = paket.dependencies
		paket.lock = paket.lock
		README.md = README.md
		rebuild.cmd = rebuild.cmd
	EndProjectSection
EndProject
Project("{2150E333-8FDC-42A3-9474-1A3956D46DE8}") = "tools", "tools", "{77D17EB5-2917-470D-B2FE-FA6560BFBBC1}"
	ProjectSection(SolutionItems) = preProject
		tools\WebSharper.Compiler.Common.paket.template = tools\WebSharper.Compiler.Common.paket.template
		tools\WebSharper.Compiler.CSharp.paket.template = tools\WebSharper.Compiler.CSharp.paket.template
		tools\WebSharper.Compiler.FSharp.paket.template = tools\WebSharper.Compiler.FSharp.paket.template
		tools\WebSharper.Compiler.paket.template = tools\WebSharper.Compiler.paket.template
		tools\WebSharper.Core.paket.template = tools\WebSharper.Core.paket.template
		tools\WebSharper.CSharp.paket.template = tools\WebSharper.CSharp.paket.template
		tools\WebSharper.FSharp.paket.template = tools\WebSharper.FSharp.paket.template
		tools\WebSharper.MathJS.paket.template = tools\WebSharper.MathJS.paket.template
		tools\WebSharper.paket.template = tools\WebSharper.paket.template
		tools\WebSharper.png = tools\WebSharper.png
		tools\WebSharper.snk = tools\WebSharper.snk
		tools\WebSharper.Testing.paket.template = tools\WebSharper.Testing.paket.template
		tools\WebSharper.Tests.paket.template = tools\WebSharper.Tests.paket.template
	EndProjectSection
EndProject
Project("{6EC3EE1D-3C4E-46DD-8F32-0CC8E7565705}") = "WebSharper.Core.JavaScript", "src\compiler\WebSharper.Core.JavaScript\WebSharper.Core.JavaScript.fsproj", "{0C254682-65AB-4734-A19C-77688DB85B20}"
EndProject
Project("{6EC3EE1D-3C4E-46DD-8F32-0CC8E7565705}") = "WebSharper.Compiler", "src\compiler\WebSharper.Compiler\WebSharper.Compiler.fsproj", "{BFB21B61-FDA9-4814-A728-7D43038E0B57}"
EndProject
Project("{6EC3EE1D-3C4E-46DD-8F32-0CC8E7565705}") = "WebSharper.Core", "src\compiler\WebSharper.Core\WebSharper.Core.fsproj", "{52741881-8D64-4639-8B5C-19C060958C35}"
EndProject
Project("{6EC3EE1D-3C4E-46DD-8F32-0CC8E7565705}") = "WebSharper.InterfaceGenerator", "src\compiler\WebSharper.InterfaceGenerator\WebSharper.InterfaceGenerator.fsproj", "{A05B0B61-A2EF-4C88-B9A3-00E888777798}"
EndProject
Project("{6EC3EE1D-3C4E-46DD-8F32-0CC8E7565705}") = "WebSharper.StdLib", "src\stdlib\WebSharper.StdLib\WebSharper.StdLib.fsproj", "{A28D0CC6-9C9C-4438-81E2-0C21FB9549A3}"
	ProjectSection(ProjectDependencies) = postProject
		{7001E2B2-61F4-4770-BA7C-86F07F657678} = {7001E2B2-61F4-4770-BA7C-86F07F657678}
	EndProjectSection
EndProject
Project("{6EC3EE1D-3C4E-46DD-8F32-0CC8E7565705}") = "WebSharper.JavaScript", "src\stdlib\WebSharper.JavaScript\WebSharper.JavaScript.fsproj", "{3F2CEB8B-6FFD-45D0-8DBC-A5EED112CE68}"
EndProject
Project("{6EC3EE1D-3C4E-46DD-8F32-0CC8E7565705}") = "WebSharper.Testing", "src\stdlib\WebSharper.Testing\WebSharper.Testing.fsproj", "{A7F7A74B-D0EE-4918-8A54-280FC7D2A30C}"
EndProject
Project("{6EC3EE1D-3C4E-46DD-8F32-0CC8E7565705}") = "WebSharper.Web", "src\sitelets\WebSharper.Web\WebSharper.Web.fsproj", "{FE6BA781-FDC9-4BB5-B38A-3BB9841EA836}"
EndProject
Project("{6EC3EE1D-3C4E-46DD-8F32-0CC8E7565705}") = "WebSharper.Sitelets", "src\sitelets\WebSharper.Sitelets\WebSharper.Sitelets.fsproj", "{D991329A-3AA3-4269-83AD-3597864855A0}"
EndProject
Project("{6EC3EE1D-3C4E-46DD-8F32-0CC8E7565705}") = "WebSharper.Sitelets.Offline", "src\sitelets\WebSharper.Sitelets.Offline\WebSharper.Sitelets.Offline.fsproj", "{24B3FBDF-E7C2-4A54-8877-CBC05DBF2ABC}"
EndProject
Project("{6EC3EE1D-3C4E-46DD-8F32-0CC8E7565705}") = "WebSharper.StdLib.Proxies", "src\stdlib\WebSharper.StdLib.Proxies\WebSharper.StdLib.Proxies.fsproj", "{7001E2B2-61F4-4770-BA7C-86F07F657678}"
EndProject
Project("{6EC3EE1D-3C4E-46DD-8F32-0CC8E7565705}") = "WebSharper.AspNetCore", "src\sitelets\WebSharper.AspNetCore\WebSharper.AspNetCore.fsproj", "{6DB7E533-6A1B-4960-B3E2-04CF03FE9075}"
EndProject
Global
	GlobalSection(SolutionConfigurationPlatforms) = preSolution
		Debug|Any CPU = Debug|Any CPU
		Release|Any CPU = Release|Any CPU
	EndGlobalSection
	GlobalSection(ProjectConfigurationPlatforms) = postSolution
		{0C254682-65AB-4734-A19C-77688DB85B20}.Debug|Any CPU.ActiveCfg = Debug|Any CPU
		{0C254682-65AB-4734-A19C-77688DB85B20}.Debug|Any CPU.Build.0 = Debug|Any CPU
		{0C254682-65AB-4734-A19C-77688DB85B20}.Release|Any CPU.ActiveCfg = Release|Any CPU
		{0C254682-65AB-4734-A19C-77688DB85B20}.Release|Any CPU.Build.0 = Release|Any CPU
		{BFB21B61-FDA9-4814-A728-7D43038E0B57}.Debug|Any CPU.ActiveCfg = Debug|Any CPU
		{BFB21B61-FDA9-4814-A728-7D43038E0B57}.Debug|Any CPU.Build.0 = Debug|Any CPU
		{BFB21B61-FDA9-4814-A728-7D43038E0B57}.Release|Any CPU.ActiveCfg = Release|Any CPU
		{BFB21B61-FDA9-4814-A728-7D43038E0B57}.Release|Any CPU.Build.0 = Release|Any CPU
		{52741881-8D64-4639-8B5C-19C060958C35}.Debug|Any CPU.ActiveCfg = Debug|Any CPU
		{52741881-8D64-4639-8B5C-19C060958C35}.Debug|Any CPU.Build.0 = Debug|Any CPU
		{52741881-8D64-4639-8B5C-19C060958C35}.Release|Any CPU.ActiveCfg = Release|Any CPU
		{52741881-8D64-4639-8B5C-19C060958C35}.Release|Any CPU.Build.0 = Release|Any CPU
		{A05B0B61-A2EF-4C88-B9A3-00E888777798}.Debug|Any CPU.ActiveCfg = Debug|Any CPU
		{A05B0B61-A2EF-4C88-B9A3-00E888777798}.Debug|Any CPU.Build.0 = Debug|Any CPU
		{A05B0B61-A2EF-4C88-B9A3-00E888777798}.Release|Any CPU.ActiveCfg = Release|Any CPU
		{A05B0B61-A2EF-4C88-B9A3-00E888777798}.Release|Any CPU.Build.0 = Release|Any CPU
		{A28D0CC6-9C9C-4438-81E2-0C21FB9549A3}.Debug|Any CPU.ActiveCfg = Debug|Any CPU
		{A28D0CC6-9C9C-4438-81E2-0C21FB9549A3}.Debug|Any CPU.Build.0 = Debug|Any CPU
		{A28D0CC6-9C9C-4438-81E2-0C21FB9549A3}.Release|Any CPU.ActiveCfg = Release|Any CPU
		{A28D0CC6-9C9C-4438-81E2-0C21FB9549A3}.Release|Any CPU.Build.0 = Release|Any CPU
		{3F2CEB8B-6FFD-45D0-8DBC-A5EED112CE68}.Debug|Any CPU.ActiveCfg = Debug|Any CPU
		{3F2CEB8B-6FFD-45D0-8DBC-A5EED112CE68}.Debug|Any CPU.Build.0 = Debug|Any CPU
		{3F2CEB8B-6FFD-45D0-8DBC-A5EED112CE68}.Release|Any CPU.ActiveCfg = Release|Any CPU
		{3F2CEB8B-6FFD-45D0-8DBC-A5EED112CE68}.Release|Any CPU.Build.0 = Release|Any CPU
		{A7F7A74B-D0EE-4918-8A54-280FC7D2A30C}.Debug|Any CPU.ActiveCfg = Debug|Any CPU
		{A7F7A74B-D0EE-4918-8A54-280FC7D2A30C}.Debug|Any CPU.Build.0 = Debug|Any CPU
		{A7F7A74B-D0EE-4918-8A54-280FC7D2A30C}.Release|Any CPU.ActiveCfg = Release|Any CPU
		{A7F7A74B-D0EE-4918-8A54-280FC7D2A30C}.Release|Any CPU.Build.0 = Release|Any CPU
		{FE6BA781-FDC9-4BB5-B38A-3BB9841EA836}.Debug|Any CPU.ActiveCfg = Debug|Any CPU
		{FE6BA781-FDC9-4BB5-B38A-3BB9841EA836}.Debug|Any CPU.Build.0 = Debug|Any CPU
		{FE6BA781-FDC9-4BB5-B38A-3BB9841EA836}.Release|Any CPU.ActiveCfg = Release|Any CPU
		{FE6BA781-FDC9-4BB5-B38A-3BB9841EA836}.Release|Any CPU.Build.0 = Release|Any CPU
		{D991329A-3AA3-4269-83AD-3597864855A0}.Debug|Any CPU.ActiveCfg = Debug|Any CPU
		{D991329A-3AA3-4269-83AD-3597864855A0}.Debug|Any CPU.Build.0 = Debug|Any CPU
		{D991329A-3AA3-4269-83AD-3597864855A0}.Release|Any CPU.ActiveCfg = Release|Any CPU
		{D991329A-3AA3-4269-83AD-3597864855A0}.Release|Any CPU.Build.0 = Release|Any CPU
		{24B3FBDF-E7C2-4A54-8877-CBC05DBF2ABC}.Debug|Any CPU.ActiveCfg = Debug|Any CPU
		{24B3FBDF-E7C2-4A54-8877-CBC05DBF2ABC}.Debug|Any CPU.Build.0 = Debug|Any CPU
		{24B3FBDF-E7C2-4A54-8877-CBC05DBF2ABC}.Release|Any CPU.ActiveCfg = Release|Any CPU
		{24B3FBDF-E7C2-4A54-8877-CBC05DBF2ABC}.Release|Any CPU.Build.0 = Release|Any CPU
		{7001E2B2-61F4-4770-BA7C-86F07F657678}.Debug|Any CPU.ActiveCfg = Debug|Any CPU
		{7001E2B2-61F4-4770-BA7C-86F07F657678}.Debug|Any CPU.Build.0 = Debug|Any CPU
		{7001E2B2-61F4-4770-BA7C-86F07F657678}.Release|Any CPU.ActiveCfg = Release|Any CPU
		{7001E2B2-61F4-4770-BA7C-86F07F657678}.Release|Any CPU.Build.0 = Release|Any CPU
		{6DB7E533-6A1B-4960-B3E2-04CF03FE9075}.Debug|Any CPU.ActiveCfg = Debug|Any CPU
		{6DB7E533-6A1B-4960-B3E2-04CF03FE9075}.Debug|Any CPU.Build.0 = Debug|Any CPU
		{6DB7E533-6A1B-4960-B3E2-04CF03FE9075}.Release|Any CPU.ActiveCfg = Release|Any CPU
		{6DB7E533-6A1B-4960-B3E2-04CF03FE9075}.Release|Any CPU.Build.0 = Release|Any CPU
	EndGlobalSection
	GlobalSection(SolutionProperties) = preSolution
		HideSolutionNode = FALSE
	EndGlobalSection
	GlobalSection(NestedProjects) = preSolution
		{EC03CB1D-151F-4469-A6DD-D5854A340F1D} = {E8624E6F-F8E9-4295-B9E0-6D1A79BAD0D5}
		{9042A9EB-28A6-4FCB-9D12-9E56835FD713} = {E8624E6F-F8E9-4295-B9E0-6D1A79BAD0D5}
		{70FEE852-57E6-4910-B4A8-E1B6D0F159E3} = {E8624E6F-F8E9-4295-B9E0-6D1A79BAD0D5}
		{0C254682-65AB-4734-A19C-77688DB85B20} = {EC03CB1D-151F-4469-A6DD-D5854A340F1D}
		{BFB21B61-FDA9-4814-A728-7D43038E0B57} = {EC03CB1D-151F-4469-A6DD-D5854A340F1D}
		{52741881-8D64-4639-8B5C-19C060958C35} = {EC03CB1D-151F-4469-A6DD-D5854A340F1D}
		{A05B0B61-A2EF-4C88-B9A3-00E888777798} = {EC03CB1D-151F-4469-A6DD-D5854A340F1D}
		{A28D0CC6-9C9C-4438-81E2-0C21FB9549A3} = {9042A9EB-28A6-4FCB-9D12-9E56835FD713}
		{3F2CEB8B-6FFD-45D0-8DBC-A5EED112CE68} = {9042A9EB-28A6-4FCB-9D12-9E56835FD713}
		{A7F7A74B-D0EE-4918-8A54-280FC7D2A30C} = {9042A9EB-28A6-4FCB-9D12-9E56835FD713}
		{FE6BA781-FDC9-4BB5-B38A-3BB9841EA836} = {70FEE852-57E6-4910-B4A8-E1B6D0F159E3}
		{D991329A-3AA3-4269-83AD-3597864855A0} = {70FEE852-57E6-4910-B4A8-E1B6D0F159E3}
		{24B3FBDF-E7C2-4A54-8877-CBC05DBF2ABC} = {70FEE852-57E6-4910-B4A8-E1B6D0F159E3}
		{7001E2B2-61F4-4770-BA7C-86F07F657678} = {9042A9EB-28A6-4FCB-9D12-9E56835FD713}
		{6DB7E533-6A1B-4960-B3E2-04CF03FE9075} = {70FEE852-57E6-4910-B4A8-E1B6D0F159E3}
	EndGlobalSection
	GlobalSection(ExtensibilityGlobals) = postSolution
		SolutionGuid = {5F8D55BB-6DB9-4B9C-9104-C9F5EFC53B01}
	EndGlobalSection
EndGlobal
