{
  "name": "Web",
  "lockfileVersion": 3,
  "requires": true,
  "packages": {
    "": {
      "devDependencies": {
        "esbuild": "^0.19.9"
      }
    },
    "node_modules/@esbuild/aix-ppc64": {
      "version": "0.19.10",
      "resolved": "https://registry.npmjs.org/@esbuild/aix-ppc64/-/aix-ppc64-0.19.10.tgz",
      "integrity": "sha512-Q+mk96KJ+FZ30h9fsJl+67IjNJm3x2eX+GBWGmocAKgzp27cowCOOqSdscX80s0SpdFXZnIv/+1xD1EctFx96Q==",
      "cpu": [
        "ppc64"
      ],
      "dev": true,
      "optional": true,
      "os": [
        "aix"
      ],
      "engines": {
        "node": ">=12"
      }
    },
    "node_modules/@esbuild/android-arm": {
      "version": "0.19.10",
      "resolved": "https://registry.npmjs.org/@esbuild/android-arm/-/android-arm-0.19.10.tgz",
      "integrity": "sha512-7W0bK7qfkw1fc2viBfrtAEkDKHatYfHzr/jKAHNr9BvkYDXPcC6bodtm8AyLJNNuqClLNaeTLuwURt4PRT9d7w==",
      "cpu": [
        "arm"
      ],
      "dev": true,
      "optional": true,
      "os": [
        "android"
      ],
      "engines": {
        "node": ">=12"
      }
    },
    "node_modules/@esbuild/android-arm64": {
      "version": "0.19.10",
      "resolved": "https://registry.npmjs.org/@esbuild/android-arm64/-/android-arm64-0.19.10.tgz",
      "integrity": "sha512-1X4CClKhDgC3by7k8aOWZeBXQX8dHT5QAMCAQDArCLaYfkppoARvh0fit3X2Qs+MXDngKcHv6XXyQCpY0hkK1Q==",
      "cpu": [
        "arm64"
      ],
      "dev": true,
      "optional": true,
      "os": [
        "android"
      ],
      "engines": {
        "node": ">=12"
      }
    },
    "node_modules/@esbuild/android-x64": {
      "version": "0.19.10",
      "resolved": "https://registry.npmjs.org/@esbuild/android-x64/-/android-x64-0.19.10.tgz",
      "integrity": "sha512-O/nO/g+/7NlitUxETkUv/IvADKuZXyH4BHf/g/7laqKC4i/7whLpB0gvpPc2zpF0q9Q6FXS3TS75QHac9MvVWw==",
      "cpu": [
        "x64"
      ],
      "dev": true,
      "optional": true,
      "os": [
        "android"
      ],
      "engines": {
        "node": ">=12"
      }
    },
    "node_modules/@esbuild/darwin-arm64": {
      "version": "0.19.10",
      "resolved": "https://registry.npmjs.org/@esbuild/darwin-arm64/-/darwin-arm64-0.19.10.tgz",
      "integrity": "sha512-YSRRs2zOpwypck+6GL3wGXx2gNP7DXzetmo5pHXLrY/VIMsS59yKfjPizQ4lLt5vEI80M41gjm2BxrGZ5U+VMA==",
      "cpu": [
        "arm64"
      ],
      "dev": true,
      "optional": true,
      "os": [
        "darwin"
      ],
      "engines": {
        "node": ">=12"
      }
    },
    "node_modules/@esbuild/darwin-x64": {
      "version": "0.19.10",
      "resolved": "https://registry.npmjs.org/@esbuild/darwin-x64/-/darwin-x64-0.19.10.tgz",
      "integrity": "sha512-alfGtT+IEICKtNE54hbvPg13xGBe4GkVxyGWtzr+yHO7HIiRJppPDhOKq3zstTcVf8msXb/t4eavW3jCDpMSmA==",
      "cpu": [
        "x64"
      ],
      "dev": true,
      "optional": true,
      "os": [
        "darwin"
      ],
      "engines": {
        "node": ">=12"
      }
    },
    "node_modules/@esbuild/freebsd-arm64": {
      "version": "0.19.10",
      "resolved": "https://registry.npmjs.org/@esbuild/freebsd-arm64/-/freebsd-arm64-0.19.10.tgz",
      "integrity": "sha512-dMtk1wc7FSH8CCkE854GyGuNKCewlh+7heYP/sclpOG6Cectzk14qdUIY5CrKDbkA/OczXq9WesqnPl09mj5dg==",
      "cpu": [
        "arm64"
      ],
      "dev": true,
      "optional": true,
      "os": [
        "freebsd"
      ],
      "engines": {
        "node": ">=12"
      }
    },
    "node_modules/@esbuild/freebsd-x64": {
      "version": "0.19.10",
      "resolved": "https://registry.npmjs.org/@esbuild/freebsd-x64/-/freebsd-x64-0.19.10.tgz",
      "integrity": "sha512-G5UPPspryHu1T3uX8WiOEUa6q6OlQh6gNl4CO4Iw5PS+Kg5bVggVFehzXBJY6X6RSOMS8iXDv2330VzaObm4Ag==",
      "cpu": [
        "x64"
      ],
      "dev": true,
      "optional": true,
      "os": [
        "freebsd"
      ],
      "engines": {
        "node": ">=12"
      }
    },
    "node_modules/@esbuild/linux-arm": {
      "version": "0.19.10",
      "resolved": "https://registry.npmjs.org/@esbuild/linux-arm/-/linux-arm-0.19.10.tgz",
      "integrity": "sha512-j6gUW5aAaPgD416Hk9FHxn27On28H4eVI9rJ4az7oCGTFW48+LcgNDBN+9f8rKZz7EEowo889CPKyeaD0iw9Kg==",
      "cpu": [
        "arm"
      ],
      "dev": true,
      "optional": true,
      "os": [
        "linux"
      ],
      "engines": {
        "node": ">=12"
      }
    },
    "node_modules/@esbuild/linux-arm64": {
      "version": "0.19.10",
      "resolved": "https://registry.npmjs.org/@esbuild/linux-arm64/-/linux-arm64-0.19.10.tgz",
      "integrity": "sha512-QxaouHWZ+2KWEj7cGJmvTIHVALfhpGxo3WLmlYfJ+dA5fJB6lDEIg+oe/0//FuyVHuS3l79/wyBxbHr0NgtxJQ==",
      "cpu": [
        "arm64"
      ],
      "dev": true,
      "optional": true,
      "os": [
        "linux"
      ],
      "engines": {
        "node": ">=12"
      }
    },
    "node_modules/@esbuild/linux-ia32": {
      "version": "0.19.10",
      "resolved": "https://registry.npmjs.org/@esbuild/linux-ia32/-/linux-ia32-0.19.10.tgz",
      "integrity": "sha512-4ub1YwXxYjj9h1UIZs2hYbnTZBtenPw5NfXCRgEkGb0b6OJ2gpkMvDqRDYIDRjRdWSe/TBiZltm3Y3Q8SN1xNg==",
      "cpu": [
        "ia32"
      ],
      "dev": true,
      "optional": true,
      "os": [
        "linux"
      ],
      "engines": {
        "node": ">=12"
      }
    },
    "node_modules/@esbuild/linux-loong64": {
      "version": "0.19.10",
      "resolved": "https://registry.npmjs.org/@esbuild/linux-loong64/-/linux-loong64-0.19.10.tgz",
      "integrity": "sha512-lo3I9k+mbEKoxtoIbM0yC/MZ1i2wM0cIeOejlVdZ3D86LAcFXFRdeuZmh91QJvUTW51bOK5W2BznGNIl4+mDaA==",
      "cpu": [
        "loong64"
      ],
      "dev": true,
      "optional": true,
      "os": [
        "linux"
      ],
      "engines": {
        "node": ">=12"
      }
    },
    "node_modules/@esbuild/linux-mips64el": {
      "version": "0.19.10",
      "resolved": "https://registry.npmjs.org/@esbuild/linux-mips64el/-/linux-mips64el-0.19.10.tgz",
      "integrity": "sha512-J4gH3zhHNbdZN0Bcr1QUGVNkHTdpijgx5VMxeetSk6ntdt+vR1DqGmHxQYHRmNb77tP6GVvD+K0NyO4xjd7y4A==",
      "cpu": [
        "mips64el"
      ],
      "dev": true,
      "optional": true,
      "os": [
        "linux"
      ],
      "engines": {
        "node": ">=12"
      }
    },
    "node_modules/@esbuild/linux-ppc64": {
      "version": "0.19.10",
      "resolved": "https://registry.npmjs.org/@esbuild/linux-ppc64/-/linux-ppc64-0.19.10.tgz",
      "integrity": "sha512-tgT/7u+QhV6ge8wFMzaklOY7KqiyitgT1AUHMApau32ZlvTB/+efeCtMk4eXS+uEymYK249JsoiklZN64xt6oQ==",
      "cpu": [
        "ppc64"
      ],
      "dev": true,
      "optional": true,
      "os": [
        "linux"
      ],
      "engines": {
        "node": ">=12"
      }
    },
    "node_modules/@esbuild/linux-riscv64": {
      "version": "0.19.10",
      "resolved": "https://registry.npmjs.org/@esbuild/linux-riscv64/-/linux-riscv64-0.19.10.tgz",
      "integrity": "sha512-0f/spw0PfBMZBNqtKe5FLzBDGo0SKZKvMl5PHYQr3+eiSscfJ96XEknCe+JoOayybWUFQbcJTrk946i3j9uYZA==",
      "cpu": [
        "riscv64"
      ],
      "dev": true,
      "optional": true,
      "os": [
        "linux"
      ],
      "engines": {
        "node": ">=12"
      }
    },
    "node_modules/@esbuild/linux-s390x": {
      "version": "0.19.10",
      "resolved": "https://registry.npmjs.org/@esbuild/linux-s390x/-/linux-s390x-0.19.10.tgz",
      "integrity": "sha512-pZFe0OeskMHzHa9U38g+z8Yx5FNCLFtUnJtQMpwhS+r4S566aK2ci3t4NCP4tjt6d5j5uo4h7tExZMjeKoehAA==",
      "cpu": [
        "s390x"
      ],
      "dev": true,
      "optional": true,
      "os": [
        "linux"
      ],
      "engines": {
        "node": ">=12"
      }
    },
    "node_modules/@esbuild/linux-x64": {
      "version": "0.19.10",
      "resolved": "https://registry.npmjs.org/@esbuild/linux-x64/-/linux-x64-0.19.10.tgz",
      "integrity": "sha512-SpYNEqg/6pZYoc+1zLCjVOYvxfZVZj6w0KROZ3Fje/QrM3nfvT2llI+wmKSrWuX6wmZeTapbarvuNNK/qepSgA==",
      "cpu": [
        "x64"
      ],
      "dev": true,
      "optional": true,
      "os": [
        "linux"
      ],
      "engines": {
        "node": ">=12"
      }
    },
    "node_modules/@esbuild/netbsd-x64": {
      "version": "0.19.10",
      "resolved": "https://registry.npmjs.org/@esbuild/netbsd-x64/-/netbsd-x64-0.19.10.tgz",
      "integrity": "sha512-ACbZ0vXy9zksNArWlk2c38NdKg25+L9pr/mVaj9SUq6lHZu/35nx2xnQVRGLrC1KKQqJKRIB0q8GspiHI3J80Q==",
      "cpu": [
        "x64"
      ],
      "dev": true,
      "optional": true,
      "os": [
        "netbsd"
      ],
      "engines": {
        "node": ">=12"
      }
    },
    "node_modules/@esbuild/openbsd-x64": {
      "version": "0.19.10",
      "resolved": "https://registry.npmjs.org/@esbuild/openbsd-x64/-/openbsd-x64-0.19.10.tgz",
      "integrity": "sha512-PxcgvjdSjtgPMiPQrM3pwSaG4kGphP+bLSb+cihuP0LYdZv1epbAIecHVl5sD3npkfYBZ0ZnOjR878I7MdJDFg==",
      "cpu": [
        "x64"
      ],
      "dev": true,
      "optional": true,
      "os": [
        "openbsd"
      ],
      "engines": {
        "node": ">=12"
      }
    },
    "node_modules/@esbuild/sunos-x64": {
      "version": "0.19.10",
      "resolved": "https://registry.npmjs.org/@esbuild/sunos-x64/-/sunos-x64-0.19.10.tgz",
      "integrity": "sha512-ZkIOtrRL8SEJjr+VHjmW0znkPs+oJXhlJbNwfI37rvgeMtk3sxOQevXPXjmAPZPigVTncvFqLMd+uV0IBSEzqA==",
      "cpu": [
        "x64"
      ],
      "dev": true,
      "optional": true,
      "os": [
        "sunos"
      ],
      "engines": {
        "node": ">=12"
      }
    },
    "node_modules/@esbuild/win32-arm64": {
      "version": "0.19.10",
      "resolved": "https://registry.npmjs.org/@esbuild/win32-arm64/-/win32-arm64-0.19.10.tgz",
      "integrity": "sha512-+Sa4oTDbpBfGpl3Hn3XiUe4f8TU2JF7aX8cOfqFYMMjXp6ma6NJDztl5FDG8Ezx0OjwGikIHw+iA54YLDNNVfw==",
      "cpu": [
        "arm64"
      ],
      "dev": true,
      "optional": true,
      "os": [
        "win32"
      ],
      "engines": {
        "node": ">=12"
      }
    },
    "node_modules/@esbuild/win32-ia32": {
      "version": "0.19.10",
      "resolved": "https://registry.npmjs.org/@esbuild/win32-ia32/-/win32-ia32-0.19.10.tgz",
      "integrity": "sha512-EOGVLK1oWMBXgfttJdPHDTiivYSjX6jDNaATeNOaCOFEVcfMjtbx7WVQwPSE1eIfCp/CaSF2nSrDtzc4I9f8TQ==",
      "cpu": [
        "ia32"
      ],
      "dev": true,
      "optional": true,
      "os": [
        "win32"
      ],
      "engines": {
        "node": ">=12"
      }
    },
    "node_modules/@esbuild/win32-x64": {
      "version": "0.19.10",
      "resolved": "https://registry.npmjs.org/@esbuild/win32-x64/-/win32-x64-0.19.10.tgz",
      "integrity": "sha512-whqLG6Sc70AbU73fFYvuYzaE4MNMBIlR1Y/IrUeOXFrWHxBEjjbZaQ3IXIQS8wJdAzue2GwYZCjOrgrU1oUHoA==",
      "cpu": [
        "x64"
      ],
      "dev": true,
      "optional": true,
      "os": [
        "win32"
      ],
      "engines": {
        "node": ">=12"
      }
    },
    "node_modules/esbuild": {
      "version": "0.19.10",
      "resolved": "https://registry.npmjs.org/esbuild/-/esbuild-0.19.10.tgz",
      "integrity": "sha512-S1Y27QGt/snkNYrRcswgRFqZjaTG5a5xM3EQo97uNBnH505pdzSNe/HLBq1v0RO7iK/ngdbhJB6mDAp0OK+iUA==",
      "dev": true,
      "hasInstallScript": true,
      "bin": {
        "esbuild": "bin/esbuild"
      },
      "engines": {
        "node": ">=12"
      },
      "optionalDependencies": {
        "@esbuild/aix-ppc64": "0.19.10",
        "@esbuild/android-arm": "0.19.10",
        "@esbuild/android-arm64": "0.19.10",
        "@esbuild/android-x64": "0.19.10",
        "@esbuild/darwin-arm64": "0.19.10",
        "@esbuild/darwin-x64": "0.19.10",
        "@esbuild/freebsd-arm64": "0.19.10",
        "@esbuild/freebsd-x64": "0.19.10",
        "@esbuild/linux-arm": "0.19.10",
        "@esbuild/linux-arm64": "0.19.10",
        "@esbuild/linux-ia32": "0.19.10",
        "@esbuild/linux-loong64": "0.19.10",
        "@esbuild/linux-mips64el": "0.19.10",
        "@esbuild/linux-ppc64": "0.19.10",
        "@esbuild/linux-riscv64": "0.19.10",
        "@esbuild/linux-s390x": "0.19.10",
        "@esbuild/linux-x64": "0.19.10",
        "@esbuild/netbsd-x64": "0.19.10",
        "@esbuild/openbsd-x64": "0.19.10",
        "@esbuild/sunos-x64": "0.19.10",
        "@esbuild/win32-arm64": "0.19.10",
        "@esbuild/win32-ia32": "0.19.10",
        "@esbuild/win32-x64": "0.19.10"
      }
    }
  }
}
