{
  "name": "websharper.typescript.parser",
  "version": "4.6.0",
  "lockfileVersion": 1,
  "requires": true,
  "dependencies": {
    "@types/node": {
      "version": "10.17.17",
      "resolved": "https://registry.npmjs.org/@types/node/-/node-10.17.17.tgz",
      "integrity": "sha512-gpNnRnZP3VWzzj5k3qrpRC6Rk3H/uclhAVo1aIvwzK5p5cOrs9yEyQ8H/HBsBY0u5rrWxXEiVPQ0dEB6pkjE8Q==",
      "dev": true
    },
    "typescript": {
      "version": "4.8.2",
      "resolved": "https://registry.npmjs.org/typescript/-/typescript-4.8.2.tgz",
      "integrity": "sha512-C0I1UsrrDHo2fYI5oaCGbSejwX4ch+9Y5jTQELvovfmFkK3HHSZJB8MSJcWLmCUBzQBchCrZ9rMRV6GuNrvGtw==",
      "dev": true
    }
  }
}
