{
  "name": "websharper.typescript.parser",
  "version": "4.6.0",
  "lockfileVersion": 1,
  "requires": true,
  "dependencies": {
    "@types/node": {
      "version": "10.17.17",
      "resolved": "https://registry.npmjs.org/@types/node/-/node-10.17.17.tgz",
      "integrity": "sha512-gpNnRnZP3VWzzj5k3qrpRC6Rk3H/uclhAVo1aIvwzK5p5cOrs9yEyQ8H/HBsBY0u5rrWxXEiVPQ0dEB6pkjE8Q==",
      "dev": true
    },
    "typescript": {
      "version": "4.6.3",
      "resolved": "https://registry.npmjs.org/typescript/-/typescript-4.6.3.tgz",
      "integrity": "sha512-yNIatDa5iaofVozS/uQJEl3JRWLKKGJKh6Yaiv0GLGSuhpFJe7P3SbHZ8/yjAHRQwKRoA6YZqlfjXWmVzoVSMw==",
      "dev": true
    }
  }
}
