{
  "name": "websharper-library-tests",
  "version": "1.0.0",
  "lockfileVersion": 3,
  "requires": true,
  "packages": {
    "": {
      "name": "websharper-library-tests",
      "version": "1.0.0",
      "license": "Apache-2.0",
      "dependencies": {
        "websharper-library-tests": "file:../build/websharper-library-tests-1.0.0.tgz"
      }
    },
    "node_modules/websharper-library-tests": {
      "version": "1.0.0",
      "resolved": "file:../build/websharper-library-tests-1.0.0.tgz",
      "integrity": "sha512-O5hfqfIt5y8qHt79f66pWcci2mYJOeL4bk6lyTI8AdPodupp+Rr5Qzt1UcChJPwpEnIbT+OUbNuGjhBMzFaLyg==",
      "license": "Apache-2.0"
    }
  }
}
